
Microsoft Visual Studio Solution File, Format Version 12.00
# Visual Studio Version 16
VisualStudioVersion = 16.0.29613.14
MinimumVisualStudioVersion = 10.0.40219.1
Project("{9A19103F-16F7-4668-BE54-9A1E7A4F7556}") = "FreeSql.Generator", "src\FsGen\FreeSql.Generator\FreeSql.Generator.csproj", "{4BD58FBC-B309-4240-AA32-F552983DDD9B}"
EndProject
Project("{9A19103F-16F7-4668-BE54-9A1E7A4F7556}") = "FreeSql.Generator.Core", "src\FsGen\FreeSql.Generator.Core\FreeSql.Generator.Core.csproj", "{9FEADE65-07BA-419A-AB64-1C1F5E75F24F}"
EndProject
Project("{9A19103F-16F7-4668-BE54-9A1E7A4F7556}") = "FreeSql.TemplateEngine", "src\FsGen\FreeSql.TemplateEngine\FreeSql.TemplateEngine.csproj", "{F07C415B-2BA2-4219-9B5B-0BF16CBB9C2B}"
EndProject
Project("{2150E333-8FDC-42A3-9474-1A3956D46DE8}") = "FsGen", "FsGen", "{A0855933-8382-4FB2-9A05-461DB4D918DD}"
EndProject
Project("{2150E333-8FDC-42A3-9474-1A3956D46DE8}") = "FsGenUI", "FsGenUI", "{F07E06DC-8EC3-43C7-89A8-70A495207D33}"
EndProject
Project("{9A19103F-16F7-4668-BE54-9A1E7A4F7556}") = "FreeSql.GeneratorUI", "src\FsGenUI\FreeSql.GeneratorUI\FreeSql.GeneratorUI.csproj", "{92CDE67E-04D5-4842-9710-648E7D7C362C}"
EndProject
Project("{2150E333-8FDC-42A3-9474-1A3956D46DE8}") = "Samples", "Samples", "{0B2E4FFD-8948-4227-86CF-FCC2124FF913}"
EndProject
Project("{9A19103F-16F7-4668-BE54-9A1E7A4F7556}") = "AngularGenerator", "samples\AngularGenerator\AngularGenerator.csproj", "{067A4443-060D-47D5-A836-A1EC9A4948A4}"
EndProject
Project("{9A19103F-16F7-4668-BE54-9A1E7A4F7556}") = "TestEntity.cs", "samples\TestEntity.cs\TestEntity.cs.csproj", "{A23AD796-72BD-4D77-BCB4-1BEC7B84E65E}"
EndProject
Global
	GlobalSection(SolutionConfigurationPlatforms) = preSolution
		Debug|Any CPU = Debug|Any CPU
		Release|Any CPU = Release|Any CPU
	EndGlobalSection
	GlobalSection(ProjectConfigurationPlatforms) = postSolution
		{4BD58FBC-B309-4240-AA32-F552983DDD9B}.Debug|Any CPU.ActiveCfg = Debug|Any CPU
		{4BD58FBC-B309-4240-AA32-F552983DDD9B}.Debug|Any CPU.Build.0 = Debug|Any CPU
		{4BD58FBC-B309-4240-AA32-F552983DDD9B}.Release|Any CPU.ActiveCfg = Release|Any CPU
		{4BD58FBC-B309-4240-AA32-F552983DDD9B}.Release|Any CPU.Build.0 = Release|Any CPU
		{9FEADE65-07BA-419A-AB64-1C1F5E75F24F}.Debug|Any CPU.ActiveCfg = Debug|Any CPU
		{9FEADE65-07BA-419A-AB64-1C1F5E75F24F}.Debug|Any CPU.Build.0 = Debug|Any CPU
		{9FEADE65-07BA-419A-AB64-1C1F5E75F24F}.Release|Any CPU.ActiveCfg = Release|Any CPU
		{9FEADE65-07BA-419A-AB64-1C1F5E75F24F}.Release|Any CPU.Build.0 = Release|Any CPU
		{F07C415B-2BA2-4219-9B5B-0BF16CBB9C2B}.Debug|Any CPU.ActiveCfg = Debug|Any CPU
		{F07C415B-2BA2-4219-9B5B-0BF16CBB9C2B}.Debug|Any CPU.Build.0 = Debug|Any CPU
		{F07C415B-2BA2-4219-9B5B-0BF16CBB9C2B}.Release|Any CPU.ActiveCfg = Release|Any CPU
		{F07C415B-2BA2-4219-9B5B-0BF16CBB9C2B}.Release|Any CPU.Build.0 = Release|Any CPU
		{92CDE67E-04D5-4842-9710-648E7D7C362C}.Debug|Any CPU.ActiveCfg = Debug|Any CPU
		{92CDE67E-04D5-4842-9710-648E7D7C362C}.Debug|Any CPU.Build.0 = Debug|Any CPU
		{92CDE67E-04D5-4842-9710-648E7D7C362C}.Release|Any CPU.ActiveCfg = Release|Any CPU
		{92CDE67E-04D5-4842-9710-648E7D7C362C}.Release|Any CPU.Build.0 = Release|Any CPU
		{067A4443-060D-47D5-A836-A1EC9A4948A4}.Debug|Any CPU.ActiveCfg = Debug|Any CPU
		{067A4443-060D-47D5-A836-A1EC9A4948A4}.Debug|Any CPU.Build.0 = Debug|Any CPU
		{067A4443-060D-47D5-A836-A1EC9A4948A4}.Release|Any CPU.ActiveCfg = Release|Any CPU
		{067A4443-060D-47D5-A836-A1EC9A4948A4}.Release|Any CPU.Build.0 = Release|Any CPU
		{A23AD796-72BD-4D77-BCB4-1BEC7B84E65E}.Debug|Any CPU.ActiveCfg = Debug|Any CPU
		{A23AD796-72BD-4D77-BCB4-1BEC7B84E65E}.Debug|Any CPU.Build.0 = Debug|Any CPU
		{A23AD796-72BD-4D77-BCB4-1BEC7B84E65E}.Release|Any CPU.ActiveCfg = Release|Any CPU
		{A23AD796-72BD-4D77-BCB4-1BEC7B84E65E}.Release|Any CPU.Build.0 = Release|Any CPU
	EndGlobalSection
	GlobalSection(SolutionProperties) = preSolution
		HideSolutionNode = FALSE
	EndGlobalSection
	GlobalSection(NestedProjects) = preSolution
		{4BD58FBC-B309-4240-AA32-F552983DDD9B} = {A0855933-8382-4FB2-9A05-461DB4D918DD}
		{9FEADE65-07BA-419A-AB64-1C1F5E75F24F} = {A0855933-8382-4FB2-9A05-461DB4D918DD}
		{F07C415B-2BA2-4219-9B5B-0BF16CBB9C2B} = {A0855933-8382-4FB2-9A05-461DB4D918DD}
		{92CDE67E-04D5-4842-9710-648E7D7C362C} = {F07E06DC-8EC3-43C7-89A8-70A495207D33}
		{067A4443-060D-47D5-A836-A1EC9A4948A4} = {0B2E4FFD-8948-4227-86CF-FCC2124FF913}
		{A23AD796-72BD-4D77-BCB4-1BEC7B84E65E} = {0B2E4FFD-8948-4227-86CF-FCC2124FF913}
	EndGlobalSection
	GlobalSection(ExtensibilityGlobals) = postSolution
		SolutionGuid = {63ACA63A-1167-4236-AF7C-A68A784A6A77}
	EndGlobalSection
EndGlobal
