
Microsoft Visual Studio Solution File, Format Version 12.00
# Visual Studio Version 16
VisualStudioVersion = 16.0.29613.14
MinimumVisualStudioVersion = 10.0.40219.1
Project("{2150E333-8FDC-42A3-9474-1A3956D46DE8}") = "Samples", "Samples", "{0B2E4FFD-8948-4227-86CF-FCC2124FF913}"
EndProject
Project("{9A19103F-16F7-4668-BE54-9A1E7A4F7556}") = "AngularGenerator", "samples\AngularGenerator\AngularGenerator.csproj", "{067A4443-060D-47D5-A836-A1EC9A4948A4}"
EndProject
Project("{9A19103F-16F7-4668-BE54-9A1E7A4F7556}") = "TestEntity", "samples\TestEntity\TestEntity.csproj", "{1479EC56-CAF6-4995-8E12-5848F3B31245}"
EndProject
Project("{2150E333-8FDC-42A3-9474-1A3956D46DE8}") = "src", "src", "{BEF8E598-4157-4F96-9347-E305753FCCED}"
EndProject
Project("{9A19103F-16F7-4668-BE54-9A1E7A4F7556}") = "FreeSqlBuilder", "src\FreeSqlBuilder\FreeSqlBuilder\FreeSqlBuilder.csproj", "{939C7C23-78F9-4ADC-9634-4D56C8B2D271}"
EndProject
Project("{9A19103F-16F7-4668-BE54-9A1E7A4F7556}") = "FreeSqlBuilder.Core", "src\FreeSqlBuilder\FreeSqlBuilder.Core\FreeSqlBuilder.Core.csproj", "{9A52222F-5CBC-4BF3-99AF-1A5DF0B83BE3}"
EndProject
Project("{9A19103F-16F7-4668-BE54-9A1E7A4F7556}") = "FreeSqlBuilder.TemplateEngine", "src\FreeSqlBuilder\FreeSqlBuilder.TemplateEngine\FreeSqlBuilder.TemplateEngine.csproj", "{E54230F1-9854-44B5-8765-CFE8F047A48B}"
EndProject
Project("{2150E333-8FDC-42A3-9474-1A3956D46DE8}") = "FsBuilder", "FsBuilder", "{2EF973A4-8751-4972-B84E-F0C6029D02E7}"
EndProject
Project("{2150E333-8FDC-42A3-9474-1A3956D46DE8}") = "FsBuilderUI", "FsBuilderUI", "{69990DF8-D818-4A81-A7B5-630E049B1AFA}"
EndProject
Project("{9A19103F-16F7-4668-BE54-9A1E7A4F7556}") = "FreeSqlBuilderUI", "src\FreeSqlBuilderUI\FreeSqlBuilderUI\FreeSqlBuilderUI.csproj", "{7EE5AA5A-C305-4F06-9793-4EB57BFC121C}"
EndProject
Project("{2150E333-8FDC-42A3-9474-1A3956D46DE8}") = "build", "build", "{87FAA453-EEAE-4044-92E4-F219FCCD296E}"
	ProjectSection(SolutionItems) = preProject
		build.ps1 = build.ps1
		version.props = version.props
	EndProjectSection
EndProject
Project("{2150E333-8FDC-42A3-9474-1A3956D46DE8}") = "doc", "doc", "{349C9942-25D9-4AB2-A132-F021A8DA7DF7}"
	ProjectSection(SolutionItems) = preProject
		readme.md = readme.md
	EndProjectSection
EndProject
Project("{2150E333-8FDC-42A3-9474-1A3956D46DE8}") = "test", "test", "{A5830714-A1C5-4052-AC7F-7E8373DE69F4}"
EndProject
Project("{9A19103F-16F7-4668-BE54-9A1E7A4F7556}") = "XUnitTestFsBuilderCore", "src\test\XUnitTestFsBuilderCore\XUnitTestFsBuilderCore.csproj", "{9CAD4BB0-CE0B-4D58-9F88-60ADDD2DB374}"
EndProject
Project("{9A19103F-16F7-4668-BE54-9A1E7A4F7556}") = "XUnitTestFreeSqlBuilder", "src\test\XUnitTestFreeSqlBuilder\XUnitTestFreeSqlBuilder.csproj", "{C3FDBB91-F171-4FD3-93F8-7564C671A187}"
EndProject
Project("{FAE04EC0-301F-11D3-BF4B-00C04F79EFBC}") = "WpfFreeSqlBuilder", "WpfFreeSqlBuilder\WpfFreeSqlBuilder.csproj", "{5C289447-2E81-49CE-A17F-34FDD084053B}"
EndProject
Global
	GlobalSection(SolutionConfigurationPlatforms) = preSolution
		Debug|Any CPU = Debug|Any CPU
		Release|Any CPU = Release|Any CPU
	EndGlobalSection
	GlobalSection(ProjectConfigurationPlatforms) = postSolution
		{067A4443-060D-47D5-A836-A1EC9A4948A4}.Debug|Any CPU.ActiveCfg = Debug|Any CPU
		{067A4443-060D-47D5-A836-A1EC9A4948A4}.Debug|Any CPU.Build.0 = Debug|Any CPU
		{067A4443-060D-47D5-A836-A1EC9A4948A4}.Release|Any CPU.ActiveCfg = Release|Any CPU
		{067A4443-060D-47D5-A836-A1EC9A4948A4}.Release|Any CPU.Build.0 = Release|Any CPU
		{1479EC56-CAF6-4995-8E12-5848F3B31245}.Debug|Any CPU.ActiveCfg = Debug|Any CPU
		{1479EC56-CAF6-4995-8E12-5848F3B31245}.Debug|Any CPU.Build.0 = Debug|Any CPU
		{1479EC56-CAF6-4995-8E12-5848F3B31245}.Release|Any CPU.ActiveCfg = Release|Any CPU
		{1479EC56-CAF6-4995-8E12-5848F3B31245}.Release|Any CPU.Build.0 = Release|Any CPU
		{939C7C23-78F9-4ADC-9634-4D56C8B2D271}.Debug|Any CPU.ActiveCfg = Debug|Any CPU
		{939C7C23-78F9-4ADC-9634-4D56C8B2D271}.Debug|Any CPU.Build.0 = Debug|Any CPU
		{939C7C23-78F9-4ADC-9634-4D56C8B2D271}.Release|Any CPU.ActiveCfg = Release|Any CPU
		{939C7C23-78F9-4ADC-9634-4D56C8B2D271}.Release|Any CPU.Build.0 = Release|Any CPU
		{9A52222F-5CBC-4BF3-99AF-1A5DF0B83BE3}.Debug|Any CPU.ActiveCfg = Debug|Any CPU
		{9A52222F-5CBC-4BF3-99AF-1A5DF0B83BE3}.Debug|Any CPU.Build.0 = Debug|Any CPU
		{9A52222F-5CBC-4BF3-99AF-1A5DF0B83BE3}.Release|Any CPU.ActiveCfg = Release|Any CPU
		{9A52222F-5CBC-4BF3-99AF-1A5DF0B83BE3}.Release|Any CPU.Build.0 = Release|Any CPU
		{E54230F1-9854-44B5-8765-CFE8F047A48B}.Debug|Any CPU.ActiveCfg = Debug|Any CPU
		{E54230F1-9854-44B5-8765-CFE8F047A48B}.Debug|Any CPU.Build.0 = Debug|Any CPU
		{E54230F1-9854-44B5-8765-CFE8F047A48B}.Release|Any CPU.ActiveCfg = Release|Any CPU
		{E54230F1-9854-44B5-8765-CFE8F047A48B}.Release|Any CPU.Build.0 = Release|Any CPU
		{7EE5AA5A-C305-4F06-9793-4EB57BFC121C}.Debug|Any CPU.ActiveCfg = Debug|Any CPU
		{7EE5AA5A-C305-4F06-9793-4EB57BFC121C}.Debug|Any CPU.Build.0 = Debug|Any CPU
		{7EE5AA5A-C305-4F06-9793-4EB57BFC121C}.Release|Any CPU.ActiveCfg = Release|Any CPU
		{7EE5AA5A-C305-4F06-9793-4EB57BFC121C}.Release|Any CPU.Build.0 = Release|Any CPU
		{9CAD4BB0-CE0B-4D58-9F88-60ADDD2DB374}.Debug|Any CPU.ActiveCfg = Debug|Any CPU
		{9CAD4BB0-CE0B-4D58-9F88-60ADDD2DB374}.Debug|Any CPU.Build.0 = Debug|Any CPU
		{9CAD4BB0-CE0B-4D58-9F88-60ADDD2DB374}.Release|Any CPU.ActiveCfg = Release|Any CPU
		{9CAD4BB0-CE0B-4D58-9F88-60ADDD2DB374}.Release|Any CPU.Build.0 = Release|Any CPU
		{C3FDBB91-F171-4FD3-93F8-7564C671A187}.Debug|Any CPU.ActiveCfg = Debug|Any CPU
		{C3FDBB91-F171-4FD3-93F8-7564C671A187}.Debug|Any CPU.Build.0 = Debug|Any CPU
		{C3FDBB91-F171-4FD3-93F8-7564C671A187}.Release|Any CPU.ActiveCfg = Release|Any CPU
		{C3FDBB91-F171-4FD3-93F8-7564C671A187}.Release|Any CPU.Build.0 = Release|Any CPU
		{5C289447-2E81-49CE-A17F-34FDD084053B}.Debug|Any CPU.ActiveCfg = Debug|Any CPU
		{5C289447-2E81-49CE-A17F-34FDD084053B}.Debug|Any CPU.Build.0 = Debug|Any CPU
		{5C289447-2E81-49CE-A17F-34FDD084053B}.Release|Any CPU.ActiveCfg = Release|Any CPU
		{5C289447-2E81-49CE-A17F-34FDD084053B}.Release|Any CPU.Build.0 = Release|Any CPU
	EndGlobalSection
	GlobalSection(SolutionProperties) = preSolution
		HideSolutionNode = FALSE
	EndGlobalSection
	GlobalSection(NestedProjects) = preSolution
		{067A4443-060D-47D5-A836-A1EC9A4948A4} = {0B2E4FFD-8948-4227-86CF-FCC2124FF913}
		{1479EC56-CAF6-4995-8E12-5848F3B31245} = {0B2E4FFD-8948-4227-86CF-FCC2124FF913}
		{939C7C23-78F9-4ADC-9634-4D56C8B2D271} = {2EF973A4-8751-4972-B84E-F0C6029D02E7}
		{9A52222F-5CBC-4BF3-99AF-1A5DF0B83BE3} = {2EF973A4-8751-4972-B84E-F0C6029D02E7}
		{E54230F1-9854-44B5-8765-CFE8F047A48B} = {2EF973A4-8751-4972-B84E-F0C6029D02E7}
		{2EF973A4-8751-4972-B84E-F0C6029D02E7} = {BEF8E598-4157-4F96-9347-E305753FCCED}
		{69990DF8-D818-4A81-A7B5-630E049B1AFA} = {BEF8E598-4157-4F96-9347-E305753FCCED}
		{7EE5AA5A-C305-4F06-9793-4EB57BFC121C} = {69990DF8-D818-4A81-A7B5-630E049B1AFA}
		{A5830714-A1C5-4052-AC7F-7E8373DE69F4} = {BEF8E598-4157-4F96-9347-E305753FCCED}
		{9CAD4BB0-CE0B-4D58-9F88-60ADDD2DB374} = {A5830714-A1C5-4052-AC7F-7E8373DE69F4}
		{C3FDBB91-F171-4FD3-93F8-7564C671A187} = {A5830714-A1C5-4052-AC7F-7E8373DE69F4}
		{5C289447-2E81-49CE-A17F-34FDD084053B} = {69990DF8-D818-4A81-A7B5-630E049B1AFA}
	EndGlobalSection
	GlobalSection(ExtensibilityGlobals) = postSolution
		SolutionGuid = {63ACA63A-1167-4236-AF7C-A68A784A6A77}
	EndGlobalSection
EndGlobal
